
Microsoft Visual Studio Solution File, Format Version 12.00
# Visual Studio Version 17
VisualStudioVersion = 17.0.32126.317
MinimumVisualStudioVersion = 10.0.40219.1
Project("{FAE04EC0-301F-11D3-BF4B-00C04F79EFBC}") = "APIM.Demo.AppService", "APIM.Demo.AppService\APIM.Demo.AppService.csproj", "{1BB5900F-E8E1-412F-98D8-DB6F6A8B4C59}"
EndProject
Global
	GlobalSection(SolutionConfigurationPlatforms) = preSolution
		Debug|Any CPU = Debug|Any CPU
		Release|Any CPU = Release|Any CPU
	EndGlobalSection
	GlobalSection(ProjectConfigurationPlatforms) = postSolution
		{1BB5900F-E8E1-412F-98D8-DB6F6A8B4C59}.Debug|Any CPU.ActiveCfg = Debug|Any CPU
		{1BB5900F-E8E1-412F-98D8-DB6F6A8B4C59}.Debug|Any CPU.Build.0 = Debug|Any CPU
		{1BB5900F-E8E1-412F-98D8-DB6F6A8B4C59}.Release|Any CPU.ActiveCfg = Release|Any CPU
		{1BB5900F-E8E1-412F-98D8-DB6F6A8B4C59}.Release|Any CPU.Build.0 = Release|Any CPU
	EndGlobalSection
	GlobalSection(SolutionProperties) = preSolution
		HideSolutionNode = FALSE
	EndGlobalSection
	GlobalSection(ExtensibilityGlobals) = postSolution
		SolutionGuid = {AC5EED05-8904-4B91-98DC-EB198D3438D3}
	EndGlobalSection
EndGlobal
